// !$*UTF8*$!
{
	archiveVersion = 1;
	classes = {
	};
	objectVersion = 48;
	objects = {

/* Begin PBXBuildFile section */
		F617AF1620EB6D3200A1CD21 /* PictureView.swift in Sources */ = {isa = PBXBuildFile; fileRef = F617AF1520EB6D3200A1CD21 /* PictureView.swift */; };
		F6A6F8D32109D52B0060F33F /* SketchSettings.swift in Sources */ = {isa = PBXBuildFile; fileRef = F6A6F8D22109D52B0060F33F /* SketchSettings.swift */; };
		F6A6F8D52109D5AE0060F33F /* SaveViewAsImage.swift in Sources */ = {isa = PBXBuildFile; fileRef = F6A6F8D42109D5AE0060F33F /* SaveViewAsImage.swift */; };
		F6A6F8D8210A09CD0060F33F /* EnumsUsedInTheViewController.swift in Sources */ = {isa = PBXBuildFile; fileRef = F6A6F8D7210A09CD0060F33F /* EnumsUsedInTheViewController.swift */; };
		F6BA242E20EA4CE000166F26 /* AppDelegate.swift in Sources */ = {isa = PBXBuildFile; fileRef = F6BA242D20EA4CE000166F26 /* AppDelegate.swift */; };
		F6BA243020EA4CE000166F26 /* ViewController.swift in Sources */ = {isa = PBXBuildFile; fileRef = F6BA242F20EA4CE000166F26 /* ViewController.swift */; };
		F6BA243320EA4CE000166F26 /* Main.storyboard in Resources */ = {isa = PBXBuildFile; fileRef = F6BA243120EA4CE000166F26 /* Main.storyboard */; };
		F6BA243520EA4CE000166F26 /* Assets.xcassets in Resources */ = {isa = PBXBuildFile; fileRef = F6BA243420EA4CE000166F26 /* Assets.xcassets */; };
		F6BA243820EA4CE000166F26 /* LaunchScreen.storyboard in Resources */ = {isa = PBXBuildFile; fileRef = F6BA243620EA4CE000166F26 /* LaunchScreen.storyboard */; };
		F6BA244020EA4D6F00166F26 /* ThirstySoftRegular.otf in Resources */ = {isa = PBXBuildFile; fileRef = F6BA243F20EA4D6F00166F26 /* ThirstySoftRegular.otf */; };
		F6BA244220EA4D7E00166F26 /* Delm-Medium.otf in Resources */ = {isa = PBXBuildFile; fileRef = F6BA244120EA4D7E00166F26 /* Delm-Medium.otf */; };
/* End PBXBuildFile section */

/* Begin PBXFileReference section */
		F617AF1520EB6D3200A1CD21 /* PictureView.swift */ = {isa = PBXFileReference; lastKnownFileType = sourcecode.swift; path = PictureView.swift; sourceTree = "<group>"; };
		F6A6F8D22109D52B0060F33F /* SketchSettings.swift */ = {isa = PBXFileReference; lastKnownFileType = sourcecode.swift; path = SketchSettings.swift; sourceTree = "<group>"; };
		F6A6F8D42109D5AE0060F33F /* SaveViewAsImage.swift */ = {isa = PBXFileReference; lastKnownFileType = sourcecode.swift; path = SaveViewAsImage.swift; sourceTree = "<group>"; };
		F6A6F8D7210A09CD0060F33F /* EnumsUsedInTheViewController.swift */ = {isa = PBXFileReference; lastKnownFileType = sourcecode.swift; path = EnumsUsedInTheViewController.swift; sourceTree = "<group>"; };
		F6BA242A20EA4CE000166F26 /* Instagrid.app */ = {isa = PBXFileReference; explicitFileType = wrapper.application; includeInIndex = 0; path = Instagrid.app; sourceTree = BUILT_PRODUCTS_DIR; };
		F6BA242D20EA4CE000166F26 /* AppDelegate.swift */ = {isa = PBXFileReference; lastKnownFileType = sourcecode.swift; path = AppDelegate.swift; sourceTree = "<group>"; };
		F6BA242F20EA4CE000166F26 /* ViewController.swift */ = {isa = PBXFileReference; lastKnownFileType = sourcecode.swift; path = ViewController.swift; sourceTree = "<group>"; };
		F6BA243220EA4CE000166F26 /* Base */ = {isa = PBXFileReference; lastKnownFileType = file.storyboard; name = Base; path = Base.lproj/Main.storyboard; sourceTree = "<group>"; };
		F6BA243420EA4CE000166F26 /* Assets.xcassets */ = {isa = PBXFileReference; lastKnownFileType = folder.assetcatalog; path = Assets.xcassets; sourceTree = "<group>"; };
		F6BA243720EA4CE000166F26 /* Base */ = {isa = PBXFileReference; lastKnownFileType = file.storyboard; name = Base; path = Base.lproj/LaunchScreen.storyboard; sourceTree = "<group>"; };
		F6BA243920EA4CE000166F26 /* Info.plist */ = {isa = PBXFileReference; lastKnownFileType = text.plist.xml; path = Info.plist; sourceTree = "<group>"; };
		F6BA243F20EA4D6F00166F26 /* ThirstySoftRegular.otf */ = {isa = PBXFileReference; lastKnownFileType = file; path = ThirstySoftRegular.otf; sourceTree = "<group>"; };
		F6BA244120EA4D7E00166F26 /* Delm-Medium.otf */ = {isa = PBXFileReference; lastKnownFileType = file; path = "Delm-Medium.otf"; sourceTree = "<group>"; };
/* End PBXFileReference section */

/* Begin PBXFrameworksBuildPhase section */
		F6BA242720EA4CE000166F26 /* Frameworks */ = {
			isa = PBXFrameworksBuildPhase;
			buildActionMask = 2147483647;
			files = (
			);
			runOnlyForDeploymentPostprocessing = 0;
		};
/* End PBXFrameworksBuildPhase section */

/* Begin PBXGroup section */
		F6A6F8D6210A09720060F33F /* Fonts */ = {
			isa = PBXGroup;
			children = (
				F6BA244120EA4D7E00166F26 /* Delm-Medium.otf */,
				F6BA243F20EA4D6F00166F26 /* ThirstySoftRegular.otf */,
			);
			path = Fonts;
			sourceTree = "<group>";
		};
		F6BA242120EA4CE000166F26 = {
			isa = PBXGroup;
			children = (
				F6BA242C20EA4CE000166F26 /* Instagrid */,
				F6BA242B20EA4CE000166F26 /* Products */,
			);
			sourceTree = "<group>";
		};
		F6BA242B20EA4CE000166F26 /* Products */ = {
			isa = PBXGroup;
			children = (
				F6BA242A20EA4CE000166F26 /* Instagrid.app */,
			);
			name = Products;
			sourceTree = "<group>";
		};
		F6BA242C20EA4CE000166F26 /* Instagrid */ = {
			isa = PBXGroup;
			children = (
				F6BA243920EA4CE000166F26 /* Info.plist */,
				F6E607FF20EF83AF00434400 /* Extensions */,
				F6BA244320EA4EF800166F26 /* Model */,
				F6BA244420EA4F0200166F26 /* View */,
				F6BA244520EA4F0F00166F26 /* Controller */,
				F6BA244620EA4F1C00166F26 /* Supporting Files */,
			);
			path = Instagrid;
			sourceTree = "<group>";
		};
		F6BA244320EA4EF800166F26 /* Model */ = {
			isa = PBXGroup;
			children = (
			);
			path = Model;
			sourceTree = "<group>";
		};
		F6BA244420EA4F0200166F26 /* View */ = {
			isa = PBXGroup;
			children = (
				F6BA243120EA4CE000166F26 /* Main.storyboard */,
				F617AF1520EB6D3200A1CD21 /* PictureView.swift */,
			);
			path = View;
			sourceTree = "<group>";
		};
		F6BA244520EA4F0F00166F26 /* Controller */ = {
			isa = PBXGroup;
			children = (
				F6BA242F20EA4CE000166F26 /* ViewController.swift */,
				F6A6F8D7210A09CD0060F33F /* EnumsUsedInTheViewController.swift */,
			);
			path = Controller;
			sourceTree = "<group>";
		};
		F6BA244620EA4F1C00166F26 /* Supporting Files */ = {
			isa = PBXGroup;
			children = (
				F6BA243420EA4CE000166F26 /* Assets.xcassets */,
				F6BA242D20EA4CE000166F26 /* AppDelegate.swift */,
				F6BA243620EA4CE000166F26 /* LaunchScreen.storyboard */,
				F6A6F8D6210A09720060F33F /* Fonts */,
			);
			path = "Supporting Files";
			sourceTree = "<group>";
		};
		F6E607FF20EF83AF00434400 /* Extensions */ = {
			isa = PBXGroup;
			children = (
				F6A6F8D22109D52B0060F33F /* SketchSettings.swift */,
				F6A6F8D42109D5AE0060F33F /* SaveViewAsImage.swift */,
			);
			path = Extensions;
			sourceTree = "<group>";
		};
/* End PBXGroup section */

/* Begin PBXNativeTarget section */
		F6BA242920EA4CE000166F26 /* Instagrid */ = {
			isa = PBXNativeTarget;
			buildConfigurationList = F6BA243C20EA4CE000166F26 /* Build configuration list for PBXNativeTarget "Instagrid" */;
			buildPhases = (
				F6BA242620EA4CE000166F26 /* Sources */,
				F6BA242720EA4CE000166F26 /* Frameworks */,
				F6BA242820EA4CE000166F26 /* Resources */,
			);
			buildRules = (
			);
			dependencies = (
			);
			name = Instagrid;
			productName = Instagrid;
			productReference = F6BA242A20EA4CE000166F26 /* Instagrid.app */;
			productType = "com.apple.product-type.application";
		};
/* End PBXNativeTarget section */

/* Begin PBXProject section */
		F6BA242220EA4CE000166F26 /* Project object */ = {
			isa = PBXProject;
			attributes = {
				LastSwiftUpdateCheck = 0920;
				LastUpgradeCheck = 0920;
				ORGANIZATIONNAME = "Thibault Dev";
				TargetAttributes = {
					F6BA242920EA4CE000166F26 = {
						CreatedOnToolsVersion = 9.2;
						ProvisioningStyle = Automatic;
					};
				};
			};
			buildConfigurationList = F6BA242520EA4CE000166F26 /* Build configuration list for PBXProject "Instagrid" */;
			compatibilityVersion = "Xcode 8.0";
			developmentRegion = en;
			hasScannedForEncodings = 0;
			knownRegions = (
				en,
				Base,
			);
			mainGroup = F6BA242120EA4CE000166F26;
			productRefGroup = F6BA242B20EA4CE000166F26 /* Products */;
			projectDirPath = "";
			projectRoot = "";
			targets = (
				F6BA242920EA4CE000166F26 /* Instagrid */,
			);
		};
/* End PBXProject section */

/* Begin PBXResourcesBuildPhase section */
		F6BA242820EA4CE000166F26 /* Resources */ = {
			isa = PBXResourcesBuildPhase;
			buildActionMask = 2147483647;
			files = (
				F6BA243820EA4CE000166F26 /* LaunchScreen.storyboard in Resources */,
				F6BA244220EA4D7E00166F26 /* Delm-Medium.otf in Resources */,
				F6BA243520EA4CE000166F26 /* Assets.xcassets in Resources */,
				F6BA244020EA4D6F00166F26 /* ThirstySoftRegular.otf in Resources */,
				F6BA243320EA4CE000166F26 /* Main.storyboard in Resources */,
			);
			runOnlyForDeploymentPostprocessing = 0;
		};
/* End PBXResourcesBuildPhase section */

/* Begin PBXSourcesBuildPhase section */
		F6BA242620EA4CE000166F26 /* Sources */ = {
			isa = PBXSourcesBuildPhase;
			buildActionMask = 2147483647;
			files = (
				F617AF1620EB6D3200A1CD21 /* PictureView.swift in Sources */,
				F6A6F8D32109D52B0060F33F /* SketchSettings.swift in Sources */,
				F6BA243020EA4CE000166F26 /* ViewController.swift in Sources */,
				F6A6F8D8210A09CD0060F33F /* EnumsUsedInTheViewController.swift in Sources */,
				F6A6F8D52109D5AE0060F33F /* SaveViewAsImage.swift in Sources */,
				F6BA242E20EA4CE000166F26 /* AppDelegate.swift in Sources */,
			);
			runOnlyForDeploymentPostprocessing = 0;
		};
/* End PBXSourcesBuildPhase section */

/* Begin PBXVariantGroup section */
		F6BA243120EA4CE000166F26 /* Main.storyboard */ = {
			isa = PBXVariantGroup;
			children = (
				F6BA243220EA4CE000166F26 /* Base */,
			);
			name = Main.storyboard;
			sourceTree = "<group>";
		};
		F6BA243620EA4CE000166F26 /* LaunchScreen.storyboard */ = {
			isa = PBXVariantGroup;
			children = (
				F6BA243720EA4CE000166F26 /* Base */,
			);
			name = LaunchScreen.storyboard;
			sourceTree = "<group>";
		};
/* End PBXVariantGroup section */

/* Begin XCBuildConfiguration section */
		F6BA243A20EA4CE000166F26 /* Debug */ = {
			isa = XCBuildConfiguration;
			buildSettings = {
				ALWAYS_SEARCH_USER_PATHS = NO;
				CLANG_ANALYZER_NONNULL = YES;
				CLANG_ANALYZER_NUMBER_OBJECT_CONVERSION = YES_AGGRESSIVE;
				CLANG_CXX_LANGUAGE_STANDARD = "gnu++14";
				CLANG_CXX_LIBRARY = "libc++";
				CLANG_ENABLE_MODULES = YES;
				CLANG_ENABLE_OBJC_ARC = YES;
				CLANG_WARN_BLOCK_CAPTURE_AUTORELEASING = YES;
				CLANG_WARN_BOOL_CONVERSION = YES;
				CLANG_WARN_COMMA = YES;
				CLANG_WARN_CONSTANT_CONVERSION = YES;
				CLANG_WARN_DIRECT_OBJC_ISA_USAGE = YES_ERROR;
				CLANG_WARN_DOCUMENTATION_COMMENTS = YES;
				CLANG_WARN_EMPTY_BODY = YES;
				CLANG_WARN_ENUM_CONVERSION = YES;
				CLANG_WARN_INFINITE_RECURSION = YES;
				CLANG_WARN_INT_CONVERSION = YES;
				CLANG_WARN_NON_LITERAL_NULL_CONVERSION = YES;
				CLANG_WARN_OBJC_LITERAL_CONVERSION = YES;
				CLANG_WARN_OBJC_ROOT_CLASS = YES_ERROR;
				CLANG_WARN_RANGE_LOOP_ANALYSIS = YES;
				CLANG_WARN_STRICT_PROTOTYPES = YES;
				CLANG_WARN_SUSPICIOUS_MOVE = YES;
				CLANG_WARN_UNGUARDED_AVAILABILITY = YES_AGGRESSIVE;
				CLANG_WARN_UNREACHABLE_CODE = YES;
				CLANG_WARN__DUPLICATE_METHOD_MATCH = YES;
				CODE_SIGN_IDENTITY = "iPhone Developer";
				COPY_PHASE_STRIP = NO;
				DEBUG_INFORMATION_FORMAT = dwarf;
				ENABLE_STRICT_OBJC_MSGSEND = YES;
				ENABLE_TESTABILITY = YES;
				GCC_C_LANGUAGE_STANDARD = gnu11;
				GCC_DYNAMIC_NO_PIC = NO;
				GCC_NO_COMMON_BLOCKS = YES;
				GCC_OPTIMIZATION_LEVEL = 0;
				GCC_PREPROCESSOR_DEFINITIONS = (
					"DEBUG=1",
					"$(inherited)",
				);
				GCC_WARN_64_TO_32_BIT_CONVERSION = YES;
				GCC_WARN_ABOUT_RETURN_TYPE = YES_ERROR;
				GCC_WARN_UNDECLARED_SELECTOR = YES;
				GCC_WARN_UNINITIALIZED_AUTOS = YES_AGGRESSIVE;
				GCC_WARN_UNUSED_FUNCTION = YES;
				GCC_WARN_UNUSED_VARIABLE = YES;
				IPHONEOS_DEPLOYMENT_TARGET = 11.2;
				MTL_ENABLE_DEBUG_INFO = YES;
				ONLY_ACTIVE_ARCH = YES;
				SDKROOT = iphoneos;
				SWIFT_ACTIVE_COMPILATION_CONDITIONS = DEBUG;
				SWIFT_OPTIMIZATION_LEVEL = "-Onone";
			};
			name = Debug;
		};
		F6BA243B20EA4CE000166F26 /* Release */ = {
			isa = XCBuildConfiguration;
			buildSettings = {
				ALWAYS_SEARCH_USER_PATHS = NO;
				CLANG_ANALYZER_NONNULL = YES;
				CLANG_ANALYZER_NUMBER_OBJECT_CONVERSION = YES_AGGRESSIVE;
				CLANG_CXX_LANGUAGE_STANDARD = "gnu++14";
				CLANG_CXX_LIBRARY = "libc++";
				CLANG_ENABLE_MODULES = YES;
				CLANG_ENABLE_OBJC_ARC = YES;
				CLANG_WARN_BLOCK_CAPTURE_AUTORELEASING = YES;
				CLANG_WARN_BOOL_CONVERSION = YES;
				CLANG_WARN_COMMA = YES;
				CLANG_WARN_CONSTANT_CONVERSION = YES;
				CLANG_WARN_DIRECT_OBJC_ISA_USAGE = YES_ERROR;
				CLANG_WARN_DOCUMENTATION_COMMENTS = YES;
				CLANG_WARN_EMPTY_BODY = YES;
				CLANG_WARN_ENUM_CONVERSION = YES;
				CLANG_WARN_INFINITE_RECURSION = YES;
				CLANG_WARN_INT_CONVERSION = YES;
				CLANG_WARN_NON_LITERAL_NULL_CONVERSION = YES;
				CLANG_WARN_OBJC_LITERAL_CONVERSION = YES;
				CLANG_WARN_OBJC_ROOT_CLASS = YES_ERROR;
				CLANG_WARN_RANGE_LOOP_ANALYSIS = YES;
				CLANG_WARN_STRICT_PROTOTYPES = YES;
				CLANG_WARN_SUSPICIOUS_MOVE = YES;
				CLANG_WARN_UNGUARDED_AVAILABILITY = YES_AGGRESSIVE;
				CLANG_WARN_UNREACHABLE_CODE = YES;
				CLANG_WARN__DUPLICATE_METHOD_MATCH = YES;
				CODE_SIGN_IDENTITY = "iPhone Developer";
				COPY_PHASE_STRIP = NO;
				DEBUG_INFORMATION_FORMAT = "dwarf-with-dsym";
				ENABLE_NS_ASSERTIONS = NO;
				ENABLE_STRICT_OBJC_MSGSEND = YES;
				GCC_C_LANGUAGE_STANDARD = gnu11;
				GCC_NO_COMMON_BLOCKS = YES;
				GCC_WARN_64_TO_32_BIT_CONVERSION = YES;
				GCC_WARN_ABOUT_RETURN_TYPE = YES_ERROR;
				GCC_WARN_UNDECLARED_SELECTOR = YES;
				GCC_WARN_UNINITIALIZED_AUTOS = YES_AGGRESSIVE;
				GCC_WARN_UNUSED_FUNCTION = YES;
				GCC_WARN_UNUSED_VARIABLE = YES;
				IPHONEOS_DEPLOYMENT_TARGET = 11.2;
				MTL_ENABLE_DEBUG_INFO = NO;
				SDKROOT = iphoneos;
				SWIFT_OPTIMIZATION_LEVEL = "-Owholemodule";
				VALIDATE_PRODUCT = YES;
			};
			name = Release;
		};
		F6BA243D20EA4CE000166F26 /* Debug */ = {
			isa = XCBuildConfiguration;
			buildSettings = {
				ASSETCATALOG_COMPILER_APPICON_NAME = AppIcon;
				CODE_SIGN_STYLE = Automatic;
				INFOPLIST_FILE = Instagrid/Info.plist;
				LD_RUNPATH_SEARCH_PATHS = "$(inherited) @executable_path/Frameworks";
				PRODUCT_BUNDLE_IDENTIFIER = com.thibaultdev.Instagrid;
				PRODUCT_NAME = "$(TARGET_NAME)";
				SWIFT_VERSION = 4.0;
				TARGETED_DEVICE_FAMILY = "1,2";
			};
			name = Debug;
		};
		F6BA243E20EA4CE000166F26 /* Release */ = {
			isa = XCBuildConfiguration;
			buildSettings = {
				ASSETCATALOG_COMPILER_APPICON_NAME = AppIcon;
				CODE_SIGN_STYLE = Automatic;
				INFOPLIST_FILE = Instagrid/Info.plist;
				LD_RUNPATH_SEARCH_PATHS = "$(inherited) @executable_path/Frameworks";
				PRODUCT_BUNDLE_IDENTIFIER = com.thibaultdev.Instagrid;
				PRODUCT_NAME = "$(TARGET_NAME)";
				SWIFT_VERSION = 4.0;
				TARGETED_DEVICE_FAMILY = "1,2";
			};
			name = Release;
		};
/* End XCBuildConfiguration section */

/* Begin XCConfigurationList section */
		F6BA242520EA4CE000166F26 /* Build configuration list for PBXProject "Instagrid" */ = {
			isa = XCConfigurationList;
			buildConfigurations = (
				F6BA243A20EA4CE000166F26 /* Debug */,
				F6BA243B20EA4CE000166F26 /* Release */,
			);
			defaultConfigurationIsVisible = 0;
			defaultConfigurationName = Release;
		};
		F6BA243C20EA4CE000166F26 /* Build configuration list for PBXNativeTarget "Instagrid" */ = {
			isa = XCConfigurationList;
			buildConfigurations = (
				F6BA243D20EA4CE000166F26 /* Debug */,
				F6BA243E20EA4CE000166F26 /* Release */,
			);
			defaultConfigurationIsVisible = 0;
			defaultConfigurationName = Release;
		};
/* End XCConfigurationList section */
	};
	rootObject = F6BA242220EA4CE000166F26 /* Project object */;
}
